
Microsoft Visual Studio Solution File, Format Version 12.00
# Visual Studio Version 16
VisualStudioVersion = 16.0.31402.337
MinimumVisualStudioVersion = 10.0.40219.1
Project("{FAE04EC0-301F-11D3-BF4B-00C04F79EFBC}") = "CoordinateBooking", "CoordinateBooking\CoordinateBooking.csproj", "{59DEA19B-3086-46FF-BC03-3E08C78B68BF}"
EndProject
Project("{FAE04EC0-301F-11D3-BF4B-00C04F79EFBC}") = "CoordinateBookingDataAccess", "CoordinateBookingDataAccess\CoordinateBookingDataAccess.csproj", "{1FC4936E-2941-4600-998C-3B29BFC055CF}"
EndProject
Project("{FAE04EC0-301F-11D3-BF4B-00C04F79EFBC}") = "CoordinateBookingHandlers", "CoordinateBookingHandlers\CoordinateBookingHandlers.csproj", "{57C98830-2FCE-4FE0-887C-1513ED62A03C}"
EndProject
Global
	GlobalSection(SolutionConfigurationPlatforms) = preSolution
		Debug|Any CPU = Debug|Any CPU
		Release|Any CPU = Release|Any CPU
	EndGlobalSection
	GlobalSection(ProjectConfigurationPlatforms) = postSolution
		{59DEA19B-3086-46FF-BC03-3E08C78B68BF}.Debug|Any CPU.ActiveCfg = Debug|Any CPU
		{59DEA19B-3086-46FF-BC03-3E08C78B68BF}.Debug|Any CPU.Build.0 = Debug|Any CPU
		{59DEA19B-3086-46FF-BC03-3E08C78B68BF}.Release|Any CPU.ActiveCfg = Release|Any CPU
		{59DEA19B-3086-46FF-BC03-3E08C78B68BF}.Release|Any CPU.Build.0 = Release|Any CPU
		{1FC4936E-2941-4600-998C-3B29BFC055CF}.Debug|Any CPU.ActiveCfg = Debug|Any CPU
		{1FC4936E-2941-4600-998C-3B29BFC055CF}.Debug|Any CPU.Build.0 = Debug|Any CPU
		{1FC4936E-2941-4600-998C-3B29BFC055CF}.Release|Any CPU.ActiveCfg = Release|Any CPU
		{1FC4936E-2941-4600-998C-3B29BFC055CF}.Release|Any CPU.Build.0 = Release|Any CPU
		{57C98830-2FCE-4FE0-887C-1513ED62A03C}.Debug|Any CPU.ActiveCfg = Debug|Any CPU
		{57C98830-2FCE-4FE0-887C-1513ED62A03C}.Debug|Any CPU.Build.0 = Debug|Any CPU
		{57C98830-2FCE-4FE0-887C-1513ED62A03C}.Release|Any CPU.ActiveCfg = Release|Any CPU
		{57C98830-2FCE-4FE0-887C-1513ED62A03C}.Release|Any CPU.Build.0 = Release|Any CPU
	EndGlobalSection
	GlobalSection(SolutionProperties) = preSolution
		HideSolutionNode = FALSE
	EndGlobalSection
	GlobalSection(ExtensibilityGlobals) = postSolution
		SolutionGuid = {1D5A65D1-8B4D-42E5-AC5A-2753857F8027}
	EndGlobalSection
EndGlobal
